# This file is autogenerated, do not edit; changes may be undone by the next 'dep ensure'.


[[projects]]
  digest = "1:2209584c0f7c9b68c23374e659357ab546e1b70eec2761f03280f69a8fd23d77"
  name = "github.com/cenkalti/backoff"
  packages = ["."]
  pruneopts = "UT"
  revision = "2ea60e5f094469f9e65adb9cd103795b73ae743e"
  version = "v2.0.0"

[[projects]]
  branch = "master"
  digest = "1:a4826c308e84f5f161b90b54a814f0be7d112b80164b9b884698a6903ea47ab3"
  name = "github.com/hashicorp/yamux"
  packages = ["."]
  pruneopts = "UT"
  revision = "2f1d1f20f75d5404f53b9edf6b53ed5505508675"

[[projects]]
  branch = "master"
  digest = "1:b17624f435331c5345ab5d2907bba722ba45adbe13d80a30373688844393f5e1"
  name = "github.com/koding/logging"
  packages = ["."]
  pruneopts = "UT"
  revision = "8b5a689ed69b1c7cd1e3595276fc2a352d7818e0"

[[projects]]
  branch = "master"
  digest = "1:feb9aaefc47a0441c8f9a2afa225d7a6f6aefc31cc54eea332d6e611e97bc87c"
  name = "github.com/koding/tunnel"
  packages = [
    ".",
    "proto",
  ]
  pruneopts = "UT"
  revision = "35a8b95662bf50c5a3c47774762f7ddd1633885a"

[[projects]]
  branch = "master"
  digest = "1:76ee51c3f468493aff39dbacc401e8831fbb765104cbf613b89bef01cf4bad70"
  name = "golang.org/x/net"
  packages = ["context"]
  pruneopts = "UT"
  revision = "49bb7cea24b1df9410e1712aa6433dae904ff66a"

[solve-meta]
  analyzer-name = "dep"
  analyzer-version = 1
  input-imports = ["github.com/koding/tunnel"]
  solver-name = "gps-cdcl"
  solver-version = 1
